// !$*UTF8*$!
{
	archiveVersion = 1;
	classes = {
	};
	objectVersion = 55;
	objects = {

/* Begin PBXBuildFile section */
		982944F02759FE0500FECBA6 /* SceneDelegate.swift in Sources */ = {isa = PBXBuildFile; fileRef = 982944EF2759FE0500FECBA6 /* SceneDelegate.swift */; };
		982944F22759FE0500FECBA6 /* ViewController.swift in Sources */ = {isa = PBXBuildFile; fileRef = 982944F12759FE0500FECBA6 /* ViewController.swift */; };
		982944F72759FE0600FECBA6 /* Assets.xcassets in Resources */ = {isa = PBXBuildFile; fileRef = 982944F62759FE0600FECBA6 /* Assets.xcassets */; };
		982944FA2759FE0600FECBA6 /* LaunchScreen.storyboard in Resources */ = {isa = PBXBuildFile; fileRef = 982944F82759FE0600FECBA6 /* LaunchScreen.storyboard */; };
		982945052759FE0600FECBA6 /* githubAPITests.swift in Sources */ = {isa = PBXBuildFile; fileRef = 982945042759FE0600FECBA6 /* githubAPITests.swift */; };
		9829450F2759FE0600FECBA6 /* githubAPIUITests.swift in Sources */ = {isa = PBXBuildFile; fileRef = 9829450E2759FE0600FECBA6 /* githubAPIUITests.swift */; };
		982945112759FE0600FECBA6 /* githubAPIUITestsLaunchTests.swift in Sources */ = {isa = PBXBuildFile; fileRef = 982945102759FE0600FECBA6 /* githubAPIUITestsLaunchTests.swift */; };
		9829451F2759FE3C00FECBA6 /* SearchViewController.swift in Sources */ = {isa = PBXBuildFile; fileRef = 9829451E2759FE3C00FECBA6 /* SearchViewController.swift */; };
		982945212759FE4500FECBA6 /* SearchViewModel.swift in Sources */ = {isa = PBXBuildFile; fileRef = 982945202759FE4500FECBA6 /* SearchViewModel.swift */; };
		986725F32759FFA8004D02D7 /* Request.swift in Sources */ = {isa = PBXBuildFile; fileRef = 986725F22759FFA8004D02D7 /* Request.swift */; };
		98E6471D275A000D00CFF5F6 /* RxCocoa in Frameworks */ = {isa = PBXBuildFile; productRef = 98E6471C275A000D00CFF5F6 /* RxCocoa */; };
		98E6471F275A000D00CFF5F6 /* RxRelay in Frameworks */ = {isa = PBXBuildFile; productRef = 98E6471E275A000D00CFF5F6 /* RxRelay */; };
		98E64721275A000D00CFF5F6 /* RxSwift in Frameworks */ = {isa = PBXBuildFile; productRef = 98E64720275A000D00CFF5F6 /* RxSwift */; };
		98E64724275A002000CFF5F6 /* SnapKit in Frameworks */ = {isa = PBXBuildFile; productRef = 98E64723275A002000CFF5F6 /* SnapKit */; };
		98E64726275A01B900CFF5F6 /* AppDelegate.swift in Sources */ = {isa = PBXBuildFile; fileRef = 98E64725275A01B900CFF5F6 /* AppDelegate.swift */; };
		98E64728275A04C100CFF5F6 /* SearchViewCell.swift in Sources */ = {isa = PBXBuildFile; fileRef = 98E64727275A04C100CFF5F6 /* SearchViewCell.swift */; };
		98E6472A275A08EA00CFF5F6 /* GitHubUserModel.swift.swift in Sources */ = {isa = PBXBuildFile; fileRef = 98E64729275A08EA00CFF5F6 /* GitHubUserModel.swift.swift */; };
		98E6472D275A1A5400CFF5F6 /* Alamofire in Frameworks */ = {isa = PBXBuildFile; productRef = 98E6472C275A1A5400CFF5F6 /* Alamofire */; };
/* End PBXBuildFile section */

/* Begin PBXContainerItemProxy section */
		982945012759FE0600FECBA6 /* PBXContainerItemProxy */ = {
			isa = PBXContainerItemProxy;
			containerPortal = 982944E22759FE0500FECBA6 /* Project object */;
			proxyType = 1;
			remoteGlobalIDString = 982944E92759FE0500FECBA6;
			remoteInfo = githubAPI;
		};
		9829450B2759FE0600FECBA6 /* PBXContainerItemProxy */ = {
			isa = PBXContainerItemProxy;
			containerPortal = 982944E22759FE0500FECBA6 /* Project object */;
			proxyType = 1;
			remoteGlobalIDString = 982944E92759FE0500FECBA6;
			remoteInfo = githubAPI;
		};
/* End PBXContainerItemProxy section */

/* Begin PBXFileReference section */
		982944EA2759FE0500FECBA6 /* githubAPI.app */ = {isa = PBXFileReference; explicitFileType = wrapper.application; includeInIndex = 0; path = githubAPI.app; sourceTree = BUILT_PRODUCTS_DIR; };
		982944EF2759FE0500FECBA6 /* SceneDelegate.swift */ = {isa = PBXFileReference; lastKnownFileType = sourcecode.swift; path = SceneDelegate.swift; sourceTree = "<group>"; };
		982944F12759FE0500FECBA6 /* ViewController.swift */ = {isa = PBXFileReference; lastKnownFileType = sourcecode.swift; path = ViewController.swift; sourceTree = "<group>"; };
		982944F62759FE0600FECBA6 /* Assets.xcassets */ = {isa = PBXFileReference; lastKnownFileType = folder.assetcatalog; path = Assets.xcassets; sourceTree = "<group>"; };
		982944F92759FE0600FECBA6 /* Base */ = {isa = PBXFileReference; lastKnownFileType = file.storyboard; name = Base; path = Base.lproj/LaunchScreen.storyboard; sourceTree = "<group>"; };
		982944FB2759FE0600FECBA6 /* Info.plist */ = {isa = PBXFileReference; lastKnownFileType = text.plist.xml; path = Info.plist; sourceTree = "<group>"; };
		982945002759FE0600FECBA6 /* githubAPITests.xctest */ = {isa = PBXFileReference; explicitFileType = wrapper.cfbundle; includeInIndex = 0; path = githubAPITests.xctest; sourceTree = BUILT_PRODUCTS_DIR; };
		982945042759FE0600FECBA6 /* githubAPITests.swift */ = {isa = PBXFileReference; lastKnownFileType = sourcecode.swift; path = githubAPITests.swift; sourceTree = "<group>"; };
		9829450A2759FE0600FECBA6 /* githubAPIUITests.xctest */ = {isa = PBXFileReference; explicitFileType = wrapper.cfbundle; includeInIndex = 0; path = githubAPIUITests.xctest; sourceTree = BUILT_PRODUCTS_DIR; };
		9829450E2759FE0600FECBA6 /* githubAPIUITests.swift */ = {isa = PBXFileReference; lastKnownFileType = sourcecode.swift; path = githubAPIUITests.swift; sourceTree = "<group>"; };
		982945102759FE0600FECBA6 /* githubAPIUITestsLaunchTests.swift */ = {isa = PBXFileReference; lastKnownFileType = sourcecode.swift; path = githubAPIUITestsLaunchTests.swift; sourceTree = "<group>"; };
		9829451E2759FE3C00FECBA6 /* SearchViewController.swift */ = {isa = PBXFileReference; lastKnownFileType = sourcecode.swift; path = SearchViewController.swift; sourceTree = "<group>"; };
		982945202759FE4500FECBA6 /* SearchViewModel.swift */ = {isa = PBXFileReference; lastKnownFileType = sourcecode.swift; path = SearchViewModel.swift; sourceTree = "<group>"; };
		986725F22759FFA8004D02D7 /* Request.swift */ = {isa = PBXFileReference; lastKnownFileType = sourcecode.swift; path = Request.swift; sourceTree = "<group>"; };
		98E64725275A01B900CFF5F6 /* AppDelegate.swift */ = {isa = PBXFileReference; lastKnownFileType = sourcecode.swift; path = AppDelegate.swift; sourceTree = "<group>"; };
		98E64727275A04C100CFF5F6 /* SearchViewCell.swift */ = {isa = PBXFileReference; lastKnownFileType = sourcecode.swift; path = SearchViewCell.swift; sourceTree = "<group>"; };
		98E64729275A08EA00CFF5F6 /* GitHubUserModel.swift.swift */ = {isa = PBXFileReference; lastKnownFileType = sourcecode.swift; path = GitHubUserModel.swift.swift; sourceTree = "<group>"; };
/* End PBXFileReference section */

/* Begin PBXFrameworksBuildPhase section */
		982944E72759FE0500FECBA6 /* Frameworks */ = {
			isa = PBXFrameworksBuildPhase;
			buildActionMask = 2147483647;
			files = (
				98E6472D275A1A5400CFF5F6 /* Alamofire in Frameworks */,
				98E64721275A000D00CFF5F6 /* RxSwift in Frameworks */,
				98E64724275A002000CFF5F6 /* SnapKit in Frameworks */,
				98E6471F275A000D00CFF5F6 /* RxRelay in Frameworks */,
				98E6471D275A000D00CFF5F6 /* RxCocoa in Frameworks */,
			);
			runOnlyForDeploymentPostprocessing = 0;
		};
		982944FD2759FE0600FECBA6 /* Frameworks */ = {
			isa = PBXFrameworksBuildPhase;
			buildActionMask = 2147483647;
			files = (
			);
			runOnlyForDeploymentPostprocessing = 0;
		};
		982945072759FE0600FECBA6 /* Frameworks */ = {
			isa = PBXFrameworksBuildPhase;
			buildActionMask = 2147483647;
			files = (
			);
			runOnlyForDeploymentPostprocessing = 0;
		};
/* End PBXFrameworksBuildPhase section */

/* Begin PBXGroup section */
		982944E12759FE0500FECBA6 = {
			isa = PBXGroup;
			children = (
				982944EC2759FE0500FECBA6 /* githubAPI */,
				982945032759FE0600FECBA6 /* githubAPITests */,
				9829450D2759FE0600FECBA6 /* githubAPIUITests */,
				982944EB2759FE0500FECBA6 /* Products */,
			);
			sourceTree = "<group>";
		};
		982944EB2759FE0500FECBA6 /* Products */ = {
			isa = PBXGroup;
			children = (
				982944EA2759FE0500FECBA6 /* githubAPI.app */,
				982945002759FE0600FECBA6 /* githubAPITests.xctest */,
				9829450A2759FE0600FECBA6 /* githubAPIUITests.xctest */,
			);
			name = Products;
			sourceTree = "<group>";
		};
		982944EC2759FE0500FECBA6 /* githubAPI */ = {
			isa = PBXGroup;
			children = (
				986725F02759FF92004D02D7 /* Request+Utils */,
				9829451D2759FE2A00FECBA6 /* SearchView */,
				982944EF2759FE0500FECBA6 /* SceneDelegate.swift */,
				98E64725275A01B900CFF5F6 /* AppDelegate.swift */,
				982944F12759FE0500FECBA6 /* ViewController.swift */,
				982944F62759FE0600FECBA6 /* Assets.xcassets */,
				982944F82759FE0600FECBA6 /* LaunchScreen.storyboard */,
				982944FB2759FE0600FECBA6 /* Info.plist */,
			);
			path = githubAPI;
			sourceTree = "<group>";
		};
		982945032759FE0600FECBA6 /* githubAPITests */ = {
			isa = PBXGroup;
			children = (
				982945042759FE0600FECBA6 /* githubAPITests.swift */,
			);
			path = githubAPITests;
			sourceTree = "<group>";
		};
		9829450D2759FE0600FECBA6 /* githubAPIUITests */ = {
			isa = PBXGroup;
			children = (
				9829450E2759FE0600FECBA6 /* githubAPIUITests.swift */,
				982945102759FE0600FECBA6 /* githubAPIUITestsLaunchTests.swift */,
			);
			path = githubAPIUITests;
			sourceTree = "<group>";
		};
		9829451D2759FE2A00FECBA6 /* SearchView */ = {
			isa = PBXGroup;
			children = (
				9829451E2759FE3C00FECBA6 /* SearchViewController.swift */,
				982945202759FE4500FECBA6 /* SearchViewModel.swift */,
				98E64727275A04C100CFF5F6 /* SearchViewCell.swift */,
				98E64729275A08EA00CFF5F6 /* GitHubUserModel.swift.swift */,
			);
			path = SearchView;
			sourceTree = "<group>";
		};
		986725F02759FF92004D02D7 /* Request+Utils */ = {
			isa = PBXGroup;
			children = (
				986725F22759FFA8004D02D7 /* Request.swift */,
			);
			path = "Request+Utils";
			sourceTree = "<group>";
		};
/* End PBXGroup section */

/* Begin PBXNativeTarget section */
		982944E92759FE0500FECBA6 /* githubAPI */ = {
			isa = PBXNativeTarget;
			buildConfigurationList = 982945142759FE0600FECBA6 /* Build configuration list for PBXNativeTarget "githubAPI" */;
			buildPhases = (
				982944E62759FE0500FECBA6 /* Sources */,
				982944E72759FE0500FECBA6 /* Frameworks */,
				982944E82759FE0500FECBA6 /* Resources */,
			);
			buildRules = (
			);
			dependencies = (
			);
			name = githubAPI;
			packageProductDependencies = (
				98E6471C275A000D00CFF5F6 /* RxCocoa */,
				98E6471E275A000D00CFF5F6 /* RxRelay */,
				98E64720275A000D00CFF5F6 /* RxSwift */,
				98E64723275A002000CFF5F6 /* SnapKit */,
				98E6472C275A1A5400CFF5F6 /* Alamofire */,
			);
			productName = githubAPI;
			productReference = 982944EA2759FE0500FECBA6 /* githubAPI.app */;
			productType = "com.apple.product-type.application";
		};
		982944FF2759FE0600FECBA6 /* githubAPITests */ = {
			isa = PBXNativeTarget;
			buildConfigurationList = 982945172759FE0600FECBA6 /* Build configuration list for PBXNativeTarget "githubAPITests" */;
			buildPhases = (
				982944FC2759FE0600FECBA6 /* Sources */,
				982944FD2759FE0600FECBA6 /* Frameworks */,
				982944FE2759FE0600FECBA6 /* Resources */,
			);
			buildRules = (
			);
			dependencies = (
				982945022759FE0600FECBA6 /* PBXTargetDependency */,
			);
			name = githubAPITests;
			productName = githubAPITests;
			productReference = 982945002759FE0600FECBA6 /* githubAPITests.xctest */;
			productType = "com.apple.product-type.bundle.unit-test";
		};
		982945092759FE0600FECBA6 /* githubAPIUITests */ = {
			isa = PBXNativeTarget;
			buildConfigurationList = 9829451A2759FE0600FECBA6 /* Build configuration list for PBXNativeTarget "githubAPIUITests" */;
			buildPhases = (
				982945062759FE0600FECBA6 /* Sources */,
				982945072759FE0600FECBA6 /* Frameworks */,
				982945082759FE0600FECBA6 /* Resources */,
			);
			buildRules = (
			);
			dependencies = (
				9829450C2759FE0600FECBA6 /* PBXTargetDependency */,
			);
			name = githubAPIUITests;
			productName = githubAPIUITests;
			productReference = 9829450A2759FE0600FECBA6 /* githubAPIUITests.xctest */;
			productType = "com.apple.product-type.bundle.ui-testing";
		};
/* End PBXNativeTarget section */

/* Begin PBXProject section */
		982944E22759FE0500FECBA6 /* Project object */ = {
			isa = PBXProject;
			attributes = {
				BuildIndependentTargetsInParallel = 1;
				LastSwiftUpdateCheck = 1310;
				LastUpgradeCheck = 1310;
				TargetAttributes = {
					982944E92759FE0500FECBA6 = {
						CreatedOnToolsVersion = 13.1;
					};
					982944FF2759FE0600FECBA6 = {
						CreatedOnToolsVersion = 13.1;
						TestTargetID = 982944E92759FE0500FECBA6;
					};
					982945092759FE0600FECBA6 = {
						CreatedOnToolsVersion = 13.1;
						TestTargetID = 982944E92759FE0500FECBA6;
					};
				};
			};
			buildConfigurationList = 982944E52759FE0500FECBA6 /* Build configuration list for PBXProject "githubAPI" */;
			compatibilityVersion = "Xcode 13.0";
			developmentRegion = en;
			hasScannedForEncodings = 0;
			knownRegions = (
				en,
				Base,
			);
			mainGroup = 982944E12759FE0500FECBA6;
			packageReferences = (
				98E6471B275A000D00CFF5F6 /* XCRemoteSwiftPackageReference "RxSwift" */,
				98E64722275A002000CFF5F6 /* XCRemoteSwiftPackageReference "SnapKit" */,
				98E6472B275A1A5400CFF5F6 /* XCRemoteSwiftPackageReference "Alamofire" */,
			);
			productRefGroup = 982944EB2759FE0500FECBA6 /* Products */;
			projectDirPath = "";
			projectRoot = "";
			targets = (
				982944E92759FE0500FECBA6 /* githubAPI */,
				982944FF2759FE0600FECBA6 /* githubAPITests */,
				982945092759FE0600FECBA6 /* githubAPIUITests */,
			);
		};
/* End PBXProject section */

/* Begin PBXResourcesBuildPhase section */
		982944E82759FE0500FECBA6 /* Resources */ = {
			isa = PBXResourcesBuildPhase;
			buildActionMask = 2147483647;
			files = (
				982944FA2759FE0600FECBA6 /* LaunchScreen.storyboard in Resources */,
				982944F72759FE0600FECBA6 /* Assets.xcassets in Resources */,
			);
			runOnlyForDeploymentPostprocessing = 0;
		};
		982944FE2759FE0600FECBA6 /* Resources */ = {
			isa = PBXResourcesBuildPhase;
			buildActionMask = 2147483647;
			files = (
			);
			runOnlyForDeploymentPostprocessing = 0;
		};
		982945082759FE0600FECBA6 /* Resources */ = {
			isa = PBXResourcesBuildPhase;
			buildActionMask = 2147483647;
			files = (
			);
			runOnlyForDeploymentPostprocessing = 0;
		};
/* End PBXResourcesBuildPhase section */

/* Begin PBXSourcesBuildPhase section */
		982944E62759FE0500FECBA6 /* Sources */ = {
			isa = PBXSourcesBuildPhase;
			buildActionMask = 2147483647;
			files = (
				98E64726275A01B900CFF5F6 /* AppDelegate.swift in Sources */,
				98E64728275A04C100CFF5F6 /* SearchViewCell.swift in Sources */,
				982944F22759FE0500FECBA6 /* ViewController.swift in Sources */,
				986725F32759FFA8004D02D7 /* Request.swift in Sources */,
				98E6472A275A08EA00CFF5F6 /* GitHubUserModel.swift.swift in Sources */,
				982945212759FE4500FECBA6 /* SearchViewModel.swift in Sources */,
				9829451F2759FE3C00FECBA6 /* SearchViewController.swift in Sources */,
				982944F02759FE0500FECBA6 /* SceneDelegate.swift in Sources */,
			);
			runOnlyForDeploymentPostprocessing = 0;
		};
		982944FC2759FE0600FECBA6 /* Sources */ = {
			isa = PBXSourcesBuildPhase;
			buildActionMask = 2147483647;
			files = (
				982945052759FE0600FECBA6 /* githubAPITests.swift in Sources */,
			);
			runOnlyForDeploymentPostprocessing = 0;
		};
		982945062759FE0600FECBA6 /* Sources */ = {
			isa = PBXSourcesBuildPhase;
			buildActionMask = 2147483647;
			files = (
				982945112759FE0600FECBA6 /* githubAPIUITestsLaunchTests.swift in Sources */,
				9829450F2759FE0600FECBA6 /* githubAPIUITests.swift in Sources */,
			);
			runOnlyForDeploymentPostprocessing = 0;
		};
/* End PBXSourcesBuildPhase section */

/* Begin PBXTargetDependency section */
		982945022759FE0600FECBA6 /* PBXTargetDependency */ = {
			isa = PBXTargetDependency;
			target = 982944E92759FE0500FECBA6 /* githubAPI */;
			targetProxy = 982945012759FE0600FECBA6 /* PBXContainerItemProxy */;
		};
		9829450C2759FE0600FECBA6 /* PBXTargetDependency */ = {
			isa = PBXTargetDependency;
			target = 982944E92759FE0500FECBA6 /* githubAPI */;
			targetProxy = 9829450B2759FE0600FECBA6 /* PBXContainerItemProxy */;
		};
/* End PBXTargetDependency section */

/* Begin PBXVariantGroup section */
		982944F82759FE0600FECBA6 /* LaunchScreen.storyboard */ = {
			isa = PBXVariantGroup;
			children = (
				982944F92759FE0600FECBA6 /* Base */,
			);
			name = LaunchScreen.storyboard;
			sourceTree = "<group>";
		};
/* End PBXVariantGroup section */

/* Begin XCBuildConfiguration section */
		982945122759FE0600FECBA6 /* Debug */ = {
			isa = XCBuildConfiguration;
			buildSettings = {
				ALWAYS_SEARCH_USER_PATHS = NO;
				CLANG_ANALYZER_NONNULL = YES;
				CLANG_ANALYZER_NUMBER_OBJECT_CONVERSION = YES_AGGRESSIVE;
				CLANG_CXX_LANGUAGE_STANDARD = "gnu++17";
				CLANG_CXX_LIBRARY = "libc++";
				CLANG_ENABLE_MODULES = YES;
				CLANG_ENABLE_OBJC_ARC = YES;
				CLANG_ENABLE_OBJC_WEAK = YES;
				CLANG_WARN_BLOCK_CAPTURE_AUTORELEASING = YES;
				CLANG_WARN_BOOL_CONVERSION = YES;
				CLANG_WARN_COMMA = YES;
				CLANG_WARN_CONSTANT_CONVERSION = YES;
				CLANG_WARN_DEPRECATED_OBJC_IMPLEMENTATIONS = YES;
				CLANG_WARN_DIRECT_OBJC_ISA_USAGE = YES_ERROR;
				CLANG_WARN_DOCUMENTATION_COMMENTS = YES;
				CLANG_WARN_EMPTY_BODY = YES;
				CLANG_WARN_ENUM_CONVERSION = YES;
				CLANG_WARN_INFINITE_RECURSION = YES;
				CLANG_WARN_INT_CONVERSION = YES;
				CLANG_WARN_NON_LITERAL_NULL_CONVERSION = YES;
				CLANG_WARN_OBJC_IMPLICIT_RETAIN_SELF = YES;
				CLANG_WARN_OBJC_LITERAL_CONVERSION = YES;
				CLANG_WARN_OBJC_ROOT_CLASS = YES_ERROR;
				CLANG_WARN_QUOTED_INCLUDE_IN_FRAMEWORK_HEADER = YES;
				CLANG_WARN_RANGE_LOOP_ANALYSIS = YES;
				CLANG_WARN_STRICT_PROTOTYPES = YES;
				CLANG_WARN_SUSPICIOUS_MOVE = YES;
				CLANG_WARN_UNGUARDED_AVAILABILITY = YES_AGGRESSIVE;
				CLANG_WARN_UNREACHABLE_CODE = YES;
				CLANG_WARN__DUPLICATE_METHOD_MATCH = YES;
				COPY_PHASE_STRIP = NO;
				DEBUG_INFORMATION_FORMAT = dwarf;
				ENABLE_STRICT_OBJC_MSGSEND = YES;
				ENABLE_TESTABILITY = YES;
				GCC_C_LANGUAGE_STANDARD = gnu11;
				GCC_DYNAMIC_NO_PIC = NO;
				GCC_NO_COMMON_BLOCKS = YES;
				GCC_OPTIMIZATION_LEVEL = 0;
				GCC_PREPROCESSOR_DEFINITIONS = (
					"DEBUG=1",
					"$(inherited)",
				);
				GCC_WARN_64_TO_32_BIT_CONVERSION = YES;
				GCC_WARN_ABOUT_RETURN_TYPE = YES_ERROR;
				GCC_WARN_UNDECLARED_SELECTOR = YES;
				GCC_WARN_UNINITIALIZED_AUTOS = YES_AGGRESSIVE;
				GCC_WARN_UNUSED_FUNCTION = YES;
				GCC_WARN_UNUSED_VARIABLE = YES;
				IPHONEOS_DEPLOYMENT_TARGET = 15.0;
				MTL_ENABLE_DEBUG_INFO = INCLUDE_SOURCE;
				MTL_FAST_MATH = YES;
				ONLY_ACTIVE_ARCH = YES;
				SDKROOT = iphoneos;
				SWIFT_ACTIVE_COMPILATION_CONDITIONS = DEBUG;
				SWIFT_OPTIMIZATION_LEVEL = "-Onone";
			};
			name = Debug;
		};
		982945132759FE0600FECBA6 /* Release */ = {
			isa = XCBuildConfiguration;
			buildSettings = {
				ALWAYS_SEARCH_USER_PATHS = NO;
				CLANG_ANALYZER_NONNULL = YES;
				CLANG_ANALYZER_NUMBER_OBJECT_CONVERSION = YES_AGGRESSIVE;
				CLANG_CXX_LANGUAGE_STANDARD = "gnu++17";
				CLANG_CXX_LIBRARY = "libc++";
				CLANG_ENABLE_MODULES = YES;
				CLANG_ENABLE_OBJC_ARC = YES;
				CLANG_ENABLE_OBJC_WEAK = YES;
				CLANG_WARN_BLOCK_CAPTURE_AUTORELEASING = YES;
				CLANG_WARN_BOOL_CONVERSION = YES;
				CLANG_WARN_COMMA = YES;
				CLANG_WARN_CONSTANT_CONVERSION = YES;
				CLANG_WARN_DEPRECATED_OBJC_IMPLEMENTATIONS = YES;
				CLANG_WARN_DIRECT_OBJC_ISA_USAGE = YES_ERROR;
				CLANG_WARN_DOCUMENTATION_COMMENTS = YES;
				CLANG_WARN_EMPTY_BODY = YES;
				CLANG_WARN_ENUM_CONVERSION = YES;
				CLANG_WARN_INFINITE_RECURSION = YES;
				CLANG_WARN_INT_CONVERSION = YES;
				CLANG_WARN_NON_LITERAL_NULL_CONVERSION = YES;
				CLANG_WARN_OBJC_IMPLICIT_RETAIN_SELF = YES;
				CLANG_WARN_OBJC_LITERAL_CONVERSION = YES;
				CLANG_WARN_OBJC_ROOT_CLASS = YES_ERROR;
				CLANG_WARN_QUOTED_INCLUDE_IN_FRAMEWORK_HEADER = YES;
				CLANG_WARN_RANGE_LOOP_ANALYSIS = YES;
				CLANG_WARN_STRICT_PROTOTYPES = YES;
				CLANG_WARN_SUSPICIOUS_MOVE = YES;
				CLANG_WARN_UNGUARDED_AVAILABILITY = YES_AGGRESSIVE;
				CLANG_WARN_UNREACHABLE_CODE = YES;
				CLANG_WARN__DUPLICATE_METHOD_MATCH = YES;
				COPY_PHASE_STRIP = NO;
				DEBUG_INFORMATION_FORMAT = "dwarf-with-dsym";
				ENABLE_NS_ASSERTIONS = NO;
				ENABLE_STRICT_OBJC_MSGSEND = YES;
				GCC_C_LANGUAGE_STANDARD = gnu11;
				GCC_NO_COMMON_BLOCKS = YES;
				GCC_WARN_64_TO_32_BIT_CONVERSION = YES;
				GCC_WARN_ABOUT_RETURN_TYPE = YES_ERROR;
				GCC_WARN_UNDECLARED_SELECTOR = YES;
				GCC_WARN_UNINITIALIZED_AUTOS = YES_AGGRESSIVE;
				GCC_WARN_UNUSED_FUNCTION = YES;
				GCC_WARN_UNUSED_VARIABLE = YES;
				IPHONEOS_DEPLOYMENT_TARGET = 15.0;
				MTL_ENABLE_DEBUG_INFO = NO;
				MTL_FAST_MATH = YES;
				SDKROOT = iphoneos;
				SWIFT_COMPILATION_MODE = wholemodule;
				SWIFT_OPTIMIZATION_LEVEL = "-O";
				VALIDATE_PRODUCT = YES;
			};
			name = Release;
		};
		982945152759FE0600FECBA6 /* Debug */ = {
			isa = XCBuildConfiguration;
			buildSettings = {
				ASSETCATALOG_COMPILER_APPICON_NAME = AppIcon;
				ASSETCATALOG_COMPILER_GLOBAL_ACCENT_COLOR_NAME = AccentColor;
				CODE_SIGN_STYLE = Automatic;
				CURRENT_PROJECT_VERSION = 1;
				DEVELOPMENT_TEAM = V237TD2AXA;
				GENERATE_INFOPLIST_FILE = YES;
				INFOPLIST_FILE = githubAPI/Info.plist;
				INFOPLIST_KEY_UIApplicationSupportsIndirectInputEvents = YES;
				INFOPLIST_KEY_UILaunchStoryboardName = LaunchScreen;
				INFOPLIST_KEY_UISupportedInterfaceOrientations_iPad = "UIInterfaceOrientationPortrait UIInterfaceOrientationPortraitUpsideDown UIInterfaceOrientationLandscapeLeft UIInterfaceOrientationLandscapeRight";
				INFOPLIST_KEY_UISupportedInterfaceOrientations_iPhone = "UIInterfaceOrientationPortrait UIInterfaceOrientationLandscapeLeft UIInterfaceOrientationLandscapeRight";
				LD_RUNPATH_SEARCH_PATHS = (
					"$(inherited)",
					"@executable_path/Frameworks",
				);
				MARKETING_VERSION = 1.0;
				PRODUCT_BUNDLE_IDENTIFIER = com.jjikkyu.githubAPI;
				PRODUCT_NAME = "$(TARGET_NAME)";
				SWIFT_EMIT_LOC_STRINGS = YES;
				SWIFT_VERSION = 5.0;
				TARGETED_DEVICE_FAMILY = "1,2";
			};
			name = Debug;
		};
		982945162759FE0600FECBA6 /* Release */ = {
			isa = XCBuildConfiguration;
			buildSettings = {
				ASSETCATALOG_COMPILER_APPICON_NAME = AppIcon;
				ASSETCATALOG_COMPILER_GLOBAL_ACCENT_COLOR_NAME = AccentColor;
				CODE_SIGN_STYLE = Automatic;
				CURRENT_PROJECT_VERSION = 1;
				DEVELOPMENT_TEAM = V237TD2AXA;
				GENERATE_INFOPLIST_FILE = YES;
				INFOPLIST_FILE = githubAPI/Info.plist;
				INFOPLIST_KEY_UIApplicationSupportsIndirectInputEvents = YES;
				INFOPLIST_KEY_UILaunchStoryboardName = LaunchScreen;
				INFOPLIST_KEY_UISupportedInterfaceOrientations_iPad = "UIInterfaceOrientationPortrait UIInterfaceOrientationPortraitUpsideDown UIInterfaceOrientationLandscapeLeft UIInterfaceOrientationLandscapeRight";
				INFOPLIST_KEY_UISupportedInterfaceOrientations_iPhone = "UIInterfaceOrientationPortrait UIInterfaceOrientationLandscapeLeft UIInterfaceOrientationLandscapeRight";
				LD_RUNPATH_SEARCH_PATHS = (
					"$(inherited)",
					"@executable_path/Frameworks",
				);
				MARKETING_VERSION = 1.0;
				PRODUCT_BUNDLE_IDENTIFIER = com.jjikkyu.githubAPI;
				PRODUCT_NAME = "$(TARGET_NAME)";
				SWIFT_EMIT_LOC_STRINGS = YES;
				SWIFT_VERSION = 5.0;
				TARGETED_DEVICE_FAMILY = "1,2";
			};
			name = Release;
		};
		982945182759FE0600FECBA6 /* Debug */ = {
			isa = XCBuildConfiguration;
			buildSettings = {
				ALWAYS_EMBED_SWIFT_STANDARD_LIBRARIES = YES;
				BUNDLE_LOADER = "$(TEST_HOST)";
				CODE_SIGN_STYLE = Automatic;
				CURRENT_PROJECT_VERSION = 1;
				DEVELOPMENT_TEAM = V237TD2AXA;
				GENERATE_INFOPLIST_FILE = YES;
				IPHONEOS_DEPLOYMENT_TARGET = 15.0;
				LD_RUNPATH_SEARCH_PATHS = (
					"$(inherited)",
					"@executable_path/Frameworks",
					"@loader_path/Frameworks",
				);
				MARKETING_VERSION = 1.0;
				PRODUCT_BUNDLE_IDENTIFIER = com.jjikkyu.githubAPITests;
				PRODUCT_NAME = "$(TARGET_NAME)";
				SWIFT_EMIT_LOC_STRINGS = NO;
				SWIFT_VERSION = 5.0;
				TARGETED_DEVICE_FAMILY = "1,2";
				TEST_HOST = "$(BUILT_PRODUCTS_DIR)/githubAPI.app/githubAPI";
			};
			name = Debug;
		};
		982945192759FE0600FECBA6 /* Release */ = {
			isa = XCBuildConfiguration;
			buildSettings = {
				ALWAYS_EMBED_SWIFT_STANDARD_LIBRARIES = YES;
				BUNDLE_LOADER = "$(TEST_HOST)";
				CODE_SIGN_STYLE = Automatic;
				CURRENT_PROJECT_VERSION = 1;
				DEVELOPMENT_TEAM = V237TD2AXA;
				GENERATE_INFOPLIST_FILE = YES;
				IPHONEOS_DEPLOYMENT_TARGET = 15.0;
				LD_RUNPATH_SEARCH_PATHS = (
					"$(inherited)",
					"@executable_path/Frameworks",
					"@loader_path/Frameworks",
				);
				MARKETING_VERSION = 1.0;
				PRODUCT_BUNDLE_IDENTIFIER = com.jjikkyu.githubAPITests;
				PRODUCT_NAME = "$(TARGET_NAME)";
				SWIFT_EMIT_LOC_STRINGS = NO;
				SWIFT_VERSION = 5.0;
				TARGETED_DEVICE_FAMILY = "1,2";
				TEST_HOST = "$(BUILT_PRODUCTS_DIR)/githubAPI.app/githubAPI";
			};
			name = Release;
		};
		9829451B2759FE0600FECBA6 /* Debug */ = {
			isa = XCBuildConfiguration;
			buildSettings = {
				ALWAYS_EMBED_SWIFT_STANDARD_LIBRARIES = YES;
				CODE_SIGN_STYLE = Automatic;
				CURRENT_PROJECT_VERSION = 1;
				DEVELOPMENT_TEAM = V237TD2AXA;
				GENERATE_INFOPLIST_FILE = YES;
				LD_RUNPATH_SEARCH_PATHS = (
					"$(inherited)",
					"@executable_path/Frameworks",
					"@loader_path/Frameworks",
				);
				MARKETING_VERSION = 1.0;
				PRODUCT_BUNDLE_IDENTIFIER = com.jjikkyu.githubAPIUITests;
				PRODUCT_NAME = "$(TARGET_NAME)";
				SWIFT_EMIT_LOC_STRINGS = NO;
				SWIFT_VERSION = 5.0;
				TARGETED_DEVICE_FAMILY = "1,2";
				TEST_TARGET_NAME = githubAPI;
			};
			name = Debug;
		};
		9829451C2759FE0600FECBA6 /* Release */ = {
			isa = XCBuildConfiguration;
			buildSettings = {
				ALWAYS_EMBED_SWIFT_STANDARD_LIBRARIES = YES;
				CODE_SIGN_STYLE = Automatic;
				CURRENT_PROJECT_VERSION = 1;
				DEVELOPMENT_TEAM = V237TD2AXA;
				GENERATE_INFOPLIST_FILE = YES;
				LD_RUNPATH_SEARCH_PATHS = (
					"$(inherited)",
					"@executable_path/Frameworks",
					"@loader_path/Frameworks",
				);
				MARKETING_VERSION = 1.0;
				PRODUCT_BUNDLE_IDENTIFIER = com.jjikkyu.githubAPIUITests;
				PRODUCT_NAME = "$(TARGET_NAME)";
				SWIFT_EMIT_LOC_STRINGS = NO;
				SWIFT_VERSION = 5.0;
				TARGETED_DEVICE_FAMILY = "1,2";
				TEST_TARGET_NAME = githubAPI;
			};
			name = Release;
		};
/* End XCBuildConfiguration section */

/* Begin XCConfigurationList section */
		982944E52759FE0500FECBA6 /* Build configuration list for PBXProject "githubAPI" */ = {
			isa = XCConfigurationList;
			buildConfigurations = (
				982945122759FE0600FECBA6 /* Debug */,
				982945132759FE0600FECBA6 /* Release */,
			);
			defaultConfigurationIsVisible = 0;
			defaultConfigurationName = Release;
		};
		982945142759FE0600FECBA6 /* Build configuration list for PBXNativeTarget "githubAPI" */ = {
			isa = XCConfigurationList;
			buildConfigurations = (
				982945152759FE0600FECBA6 /* Debug */,
				982945162759FE0600FECBA6 /* Release */,
			);
			defaultConfigurationIsVisible = 0;
			defaultConfigurationName = Release;
		};
		982945172759FE0600FECBA6 /* Build configuration list for PBXNativeTarget "githubAPITests" */ = {
			isa = XCConfigurationList;
			buildConfigurations = (
				982945182759FE0600FECBA6 /* Debug */,
				982945192759FE0600FECBA6 /* Release */,
			);
			defaultConfigurationIsVisible = 0;
			defaultConfigurationName = Release;
		};
		9829451A2759FE0600FECBA6 /* Build configuration list for PBXNativeTarget "githubAPIUITests" */ = {
			isa = XCConfigurationList;
			buildConfigurations = (
				9829451B2759FE0600FECBA6 /* Debug */,
				9829451C2759FE0600FECBA6 /* Release */,
			);
			defaultConfigurationIsVisible = 0;
			defaultConfigurationName = Release;
		};
/* End XCConfigurationList section */

/* Begin XCRemoteSwiftPackageReference section */
		98E6471B275A000D00CFF5F6 /* XCRemoteSwiftPackageReference "RxSwift" */ = {
			isa = XCRemoteSwiftPackageReference;
			repositoryURL = "https://github.com/ReactiveX/RxSwift.git";
			requirement = {
				branch = main;
				kind = branch;
			};
		};
		98E64722275A002000CFF5F6 /* XCRemoteSwiftPackageReference "SnapKit" */ = {
			isa = XCRemoteSwiftPackageReference;
			repositoryURL = "https://github.com/SnapKit/SnapKit.git";
			requirement = {
				kind = upToNextMajorVersion;
				minimumVersion = 5.0.0;
			};
		};
		98E6472B275A1A5400CFF5F6 /* XCRemoteSwiftPackageReference "Alamofire" */ = {
			isa = XCRemoteSwiftPackageReference;
			repositoryURL = "https://github.com/Alamofire/Alamofire";
			requirement = {
				kind = upToNextMajorVersion;
				minimumVersion = 5.0.0;
			};
		};
/* End XCRemoteSwiftPackageReference section */

/* Begin XCSwiftPackageProductDependency section */
		98E6471C275A000D00CFF5F6 /* RxCocoa */ = {
			isa = XCSwiftPackageProductDependency;
			package = 98E6471B275A000D00CFF5F6 /* XCRemoteSwiftPackageReference "RxSwift" */;
			productName = RxCocoa;
		};
		98E6471E275A000D00CFF5F6 /* RxRelay */ = {
			isa = XCSwiftPackageProductDependency;
			package = 98E6471B275A000D00CFF5F6 /* XCRemoteSwiftPackageReference "RxSwift" */;
			productName = RxRelay;
		};
		98E64720275A000D00CFF5F6 /* RxSwift */ = {
			isa = XCSwiftPackageProductDependency;
			package = 98E6471B275A000D00CFF5F6 /* XCRemoteSwiftPackageReference "RxSwift" */;
			productName = RxSwift;
		};
		98E64723275A002000CFF5F6 /* SnapKit */ = {
			isa = XCSwiftPackageProductDependency;
			package = 98E64722275A002000CFF5F6 /* XCRemoteSwiftPackageReference "SnapKit" */;
			productName = SnapKit;
		};
		98E6472C275A1A5400CFF5F6 /* Alamofire */ = {
			isa = XCSwiftPackageProductDependency;
			package = 98E6472B275A1A5400CFF5F6 /* XCRemoteSwiftPackageReference "Alamofire" */;
			productName = Alamofire;
		};
/* End XCSwiftPackageProductDependency section */
	};
	rootObject = 982944E22759FE0500FECBA6 /* Project object */;
}
